
Microsoft Visual Studio Solution File, Format Version 12.00
# Visual Studio Version 17
VisualStudioVersion = 17.7.34031.279
MinimumVisualStudioVersion = 10.0.40219.1
Project("{FAE04EC0-301F-11D3-BF4B-00C04F79EFBC}") = "Hero_overloading_operators", "Hero_overloading_operators\Hero_overloading_operators.csproj", "{11C92849-764F-473F-A4B2-2EA18E963CC6}"
EndProject
Global
	GlobalSection(SolutionConfigurationPlatforms) = preSolution
		Debug|Any CPU = Debug|Any CPU
		Release|Any CPU = Release|Any CPU
	EndGlobalSection
	GlobalSection(ProjectConfigurationPlatforms) = postSolution
		{11C92849-764F-473F-A4B2-2EA18E963CC6}.Debug|Any CPU.ActiveCfg = Debug|Any CPU
		{11C92849-764F-473F-A4B2-2EA18E963CC6}.Debug|Any CPU.Build.0 = Debug|Any CPU
		{11C92849-764F-473F-A4B2-2EA18E963CC6}.Release|Any CPU.ActiveCfg = Release|Any CPU
		{11C92849-764F-473F-A4B2-2EA18E963CC6}.Release|Any CPU.Build.0 = Release|Any CPU
	EndGlobalSection
	GlobalSection(SolutionProperties) = preSolution
		HideSolutionNode = FALSE
	EndGlobalSection
	GlobalSection(ExtensibilityGlobals) = postSolution
		SolutionGuid = {FE2F63B1-67FA-42D7-ADCF-4379E3FB19BD}
	EndGlobalSection
EndGlobal
